<?xml version="1.0" encoding="utf-8"?>
<Project ToolsVersion="4.0" xmlns="http://schemas.microsoft.com/developer/msbuild/2003">
  <ItemGroup>
    <Filter Include="Source Files">
      <UniqueIdentifier>{4FC737F1-C7A5-4376-A066-2A32D752A2FF}</UniqueIdentifier>
      <Extensions>cpp;c;cc;cxx;c++;cppm;ixx;def;odl;idl;hpj;bat;asm;asmx</Extensions>
    </Filter>
    <Filter Include="Header Files">
      <UniqueIdentifier>{93995380-89BD-4b04-88EB-625FBE52EBFB}</UniqueIdentifier>
      <Extensions>h;hh;hpp;hxx;h++;hm;inl;inc;ipp;xsd</Extensions>
    </Filter>
    <Filter Include="GLFW">
      <UniqueIdentifier>{e085fef2-23e5-41a0-aa21-585ccdfe8e3a}</UniqueIdentifier>
    </Filter>
    <Filter Include="Shaders">
      <UniqueIdentifier>{82b0ab00-a250-4069-a368-e377d82c3c4c}</UniqueIdentifier>
    </Filter>
    <Filter Include="SpirvReflect">
      <UniqueIdentifier>{c74b287c-09f0-4656-b2de-820f750b4647}</UniqueIdentifier>
    </Filter>
    <Filter Include="ImGui">
      <UniqueIdentifier>{f8a38545-feb2-47ca-8a83-c28c49674a86}</UniqueIdentifier>
    </Filter>
  </ItemGroup>
  <ItemGroup>
    <ClCompile Include="src\renderer\device.cpp">
      <Filter>Source Files</Filter>
    </ClCompile>
    <ClCompile Include="src\renderer\vulkan\vulkan_graphics_window.cpp">
      <Filter>Source Files</Filter>
    </ClCompile>
    <ClCompile Include="src\renderer\vulkan\vulkan_api.cpp">
      <Filter>Source Files</Filter>
    </ClCompile>
    <ClCompile Include="src\renderer\vulkan\vulkan_swapchain.cpp">
      <Filter>Source Files</Filter>
    </ClCompile>
    <ClCompile Include="src\renderer\vulkan\vulkan_common.cpp">
      <Filter>Source Files</Filter>
    </ClCompile>
    <ClCompile Include="src\renderer\vulkan\vulkan_pipeline.cpp">
      <Filter>Source Files</Filter>
    </ClCompile>
    <ClCompile Include="src\renderer\vulkan\vulkan_renderpass.cpp">
      <Filter>Source Files</Filter>
    </ClCompile>
    <ClCompile Include="src\renderer\vulkan\vulkan_context.cpp">
      <Filter>Source Files</Filter>
    </ClCompile>
    <ClCompile Include="src\renderer\vulkan\vulkan_buffer.cpp">
      <Filter>Source Files</Filter>
    </ClCompile>
    <ClCompile Include="src\debug\debug_draw.cpp">
      <Filter>Source Files</Filter>
    </ClCompile>
    <ClCompile Include="src\scene\mesh.cpp">
      <Filter>Source Files</Filter>
    </ClCompile>
    <ClCompile Include="src\scene\scene.cpp">
      <Filter>Source Files</Filter>
    </ClCompile>
    <ClCompile Include="src\scene\camera.cpp">
      <Filter>Source Files</Filter>
    </ClCompile>
    <ClCompile Include="src\main.cpp">
      <Filter>Source Files</Filter>
    </ClCompile>
    <ClCompile Include="src\physics\physics_system.cpp">
      <Filter>Source Files</Filter>
    </ClCompile>
    <ClCompile Include="src\physics\collision_detection.cpp">
      <Filter>Source Files</Filter>
    </ClCompile>
    <ClCompile Include="src\debug\gizmo.cpp">
      <Filter>Source Files</Filter>
    </ClCompile>
    <ClCompile Include="src\fx\outlinefx.cpp">
      <Filter>Source Files</Filter>
    </ClCompile>
    <ClCompile Include="src\renderer\vulkan\vulkan_texture.cpp">
      <Filter>Source Files</Filter>
    </ClCompile>
    <ClCompile Include="src\terrain\terrain.cpp">
      <Filter>Source Files</Filter>
    </ClCompile>
    <ClCompile Include="src\terrain\terrain_stream.cpp">
      <Filter>Source Files</Filter>
    </ClCompile>
    <ClCompile Include="src\renderer\vulkan\vulkan_framebuffer.cpp">
      <Filter>Source Files</Filter>
    </ClCompile>
    <ClCompile Include="src\light\cascaded_shadow.cpp">
      <Filter>Source Files</Filter>
    </ClCompile>
    <ClCompile Include="src\terrain\terrain_quadtree.cpp">
      <Filter>Source Files</Filter>
    </ClCompile>
    <ClCompile Include="src\terrain\terrain_chunkmanager.cpp">
      <Filter>Source Files</Filter>
    </ClCompile>
    <ClCompile Include="src\terrain\terrain_chunk.cpp">
      <Filter>Source Files</Filter>
    </ClCompile>
    <ClCompile Include="external\GLFW\src\egl_context.c">
      <Filter>GLFW</Filter>
    </ClCompile>
    <ClCompile Include="external\GLFW\src\init.c">
      <Filter>GLFW</Filter>
    </ClCompile>
    <ClCompile Include="external\GLFW\src\input.c">
      <Filter>GLFW</Filter>
    </ClCompile>
    <ClCompile Include="external\GLFW\src\monitor.c">
      <Filter>GLFW</Filter>
    </ClCompile>
    <ClCompile Include="external\GLFW\src\osmesa_context.c">
      <Filter>GLFW</Filter>
    </ClCompile>
    <ClCompile Include="external\GLFW\src\window.c">
      <Filter>GLFW</Filter>
    </ClCompile>
    <ClCompile Include="external\GLFW\src\win32_window.c">
      <Filter>GLFW</Filter>
    </ClCompile>
    <ClCompile Include="external\GLFW\src\wgl_context.c">
      <Filter>GLFW</Filter>
    </ClCompile>
    <ClCompile Include="external\GLFW\src\win32_init.c">
      <Filter>GLFW</Filter>
    </ClCompile>
    <ClCompile Include="external\GLFW\src\win32_joystick.c">
      <Filter>GLFW</Filter>
    </ClCompile>
    <ClCompile Include="external\GLFW\src\win32_monitor.c">
      <Filter>GLFW</Filter>
    </ClCompile>
    <ClCompile Include="external\GLFW\src\win32_thread.c">
      <Filter>GLFW</Filter>
    </ClCompile>
    <ClCompile Include="external\GLFW\src\win32_time.c">
      <Filter>GLFW</Filter>
    </ClCompile>
    <ClCompile Include="external\GLFW\src\vulkan.c">
      <Filter>GLFW</Filter>
    </ClCompile>
    <ClCompile Include="external\GLFW\src\context.c">
      <Filter>GLFW</Filter>
    </ClCompile>
    <ClCompile Include="src\common\spirv_reflect.c">
      <Filter>SpirvReflect</Filter>
    </ClCompile>
    <ClCompile Include="external\imgui\imgui.cpp">
      <Filter>ImGui</Filter>
    </ClCompile>
    <ClCompile Include="external\imgui\imgui_demo.cpp">
      <Filter>ImGui</Filter>
    </ClCompile>
    <ClCompile Include="external\imgui\imgui_draw.cpp">
      <Filter>ImGui</Filter>
    </ClCompile>
    <ClCompile Include="external\imgui\imgui_impl_glfw.cpp">
      <Filter>ImGui</Filter>
    </ClCompile>
    <ClCompile Include="external\imgui\imgui_impl_vulkan.cpp">
      <Filter>ImGui</Filter>
    </ClCompile>
    <ClCompile Include="external\imgui\imgui_tables.cpp">
      <Filter>ImGui</Filter>
    </ClCompile>
    <ClCompile Include="external\imgui\imgui_widgets.cpp">
      <Filter>ImGui</Filter>
    </ClCompile>
    <ClCompile Include="src\water\water.cpp">
      <Filter>Source Files</Filter>
    </ClCompile>
    <ClCompile Include="src\water\spectrum_texture.cpp">
      <Filter>Source Files</Filter>
    </ClCompile>
    <ClCompile Include="src\water\twiddle_factors.cpp">
      <Filter>Source Files</Filter>
    </ClCompile>
    <ClCompile Include="src\water\butterfly.cpp">
      <Filter>Source Files</Filter>
    </ClCompile>
    <ClCompile Include="src\water\inversion.cpp">
      <Filter>Source Files</Filter>
    </ClCompile>
    <ClCompile Include="src\water\water_renderer.cpp">
      <Filter>Source Files</Filter>
    </ClCompile>
    <ClCompile Include="src\water\normal_map_generator.cpp">
      <Filter>Source Files</Filter>
    </ClCompile>
    <ClCompile Include="src\atmosphere\atmosphere.cpp">
      <Filter>Source Files</Filter>
    </ClCompile>
  </ItemGroup>
  <ItemGroup>
    <ClInclude Include="src\renderer\graphics_window.h">
      <Filter>Header Files</Filter>
    </ClInclude>
    <ClInclude Include="src\input\keyboard.h">
      <Filter>Header Files</Filter>
    </ClInclude>
    <ClInclude Include="src\input\input_keys.h">
      <Filter>Header Files</Filter>
    </ClInclude>
    <ClInclude Include="src\input\mouse.h">
      <Filter>Header Files</Filter>
    </ClInclude>
    <ClInclude Include="src\core\base.h">
      <Filter>Header Files</Filter>
    </ClInclude>
    <ClInclude Include="src\renderer\device.h">
      <Filter>Header Files</Filter>
    </ClInclude>
    <ClInclude Include="src\renderer\graphics_enums.h">
      <Filter>Header Files</Filter>
    </ClInclude>
    <ClInclude Include="src\renderer\vulkan\vulkan_graphics_window.h">
      <Filter>Header Files</Filter>
    </ClInclude>
    <ClInclude Include="src\renderer\graphics_api.h">
      <Filter>Header Files</Filter>
    </ClInclude>
    <ClInclude Include="src\renderer\vulkan\vulkan_api.h">
      <Filter>Header Files</Filter>
    </ClInclude>
    <ClInclude Include="src\renderer\vulkan\vulkan_common.h">
      <Filter>Header Files</Filter>
    </ClInclude>
    <ClInclude Include="external\GLFW\src\egl_context.h">
      <Filter>Header Files</Filter>
    </ClInclude>
    <ClInclude Include="external\GLFW\src\internal.h">
      <Filter>Header Files</Filter>
    </ClInclude>
    <ClInclude Include="external\GLFW\src\mappings.h">
      <Filter>Header Files</Filter>
    </ClInclude>
    <ClInclude Include="external\GLFW\src\osmesa_context.h">
      <Filter>Header Files</Filter>
    </ClInclude>
    <ClInclude Include="external\GLFW\src\wgl_context.h">
      <Filter>Header Files</Filter>
    </ClInclude>
    <ClInclude Include="external\GLFW\src\win32_joystick.h">
      <Filter>Header Files</Filter>
    </ClInclude>
    <ClInclude Include="external\GLFW\src\win32_platform.h">
      <Filter>Header Files</Filter>
    </ClInclude>
    <ClInclude Include="src\renderer\vulkan\vulkan_swapchain.h">
      <Filter>Header Files</Filter>
    </ClInclude>
    <ClInclude Include="src\renderer\pipeline.h">
      <Filter>Header Files</Filter>
    </ClInclude>
    <ClInclude Include="src\renderer\vulkan\vulkan_pipeline.h">
      <Filter>Header Files</Filter>
    </ClInclude>
    <ClInclude Include="src\renderer\vulkan\vulkan_type_converter.h">
      <Filter>Header Files</Filter>
    </ClInclude>
    <ClInclude Include="src\renderer\renderpass.h">
      <Filter>Header Files</Filter>
    </ClInclude>
    <ClInclude Include="src\renderer\vulkan\vulkan_renderpass.h">
      <Filter>Header Files</Filter>
    </ClInclude>
    <ClInclude Include="src\renderer\renderer.h">
      <Filter>Header Files</Filter>
    </ClInclude>
    <ClInclude Include="src\renderer\swapchain.h">
      <Filter>Header Files</Filter>
    </ClInclude>
    <ClInclude Include="src\renderer\vulkan\vulkan_context.h">
      <Filter>Header Files</Filter>
    </ClInclude>
    <ClInclude Include="src\renderer\buffer.h">
      <Filter>Header Files</Filter>
    </ClInclude>
    <ClInclude Include="src\renderer\vulkan\vulkan_buffer.h">
      <Filter>Header Files</Filter>
    </ClInclude>
    <ClInclude Include="src\renderer\context.h">
      <Filter>Header Files</Filter>
    </ClInclude>
    <ClInclude Include="src\renderer\shaderbinding.h">
      <Filter>Header Files</Filter>
    </ClInclude>
    <ClInclude Include="src\renderer\vulkan\vulkan_shaderbidings.h">
      <Filter>Header Files</Filter>
    </ClInclude>
    <ClInclude Include="src\common\common.h">
      <Filter>Header Files</Filter>
    </ClInclude>
    <ClInclude Include="src\common\spirv_reflect.h">
      <Filter>Header Files</Filter>
    </ClInclude>
    <ClInclude Include="src\common\spirv.h">
      <Filter>Header Files</Filter>
    </ClInclude>
    <ClInclude Include="src\debug\debug_draw.h">
      <Filter>Header Files</Filter>
    </ClInclude>
    <ClInclude Include="src\example_base.h">
      <Filter>Header Files</Filter>
    </ClInclude>
    <ClInclude Include="src\scene\mesh.h">
      <Filter>Header Files</Filter>
    </ClInclude>
    <ClInclude Include="src\scene\gpu_memory.h">
      <Filter>Header Files</Filter>
    </ClInclude>
    <ClInclude Include="src\scene\entity.h">
      <Filter>Header Files</Filter>
    </ClInclude>
    <ClInclude Include="src\core\math.h">
      <Filter>Header Files</Filter>
    </ClInclude>
    <ClInclude Include="src\scene\scene.h">
      <Filter>Header Files</Filter>
    </ClInclude>
    <ClInclude Include="src\scene\camera.h">
      <Filter>Header Files</Filter>
    </ClInclude>
    <ClInclude Include="src\cube_example.h">
      <Filter>Header Files</Filter>
    </ClInclude>
    <ClInclude Include="src\gizmo_example.h">
      <Filter>Header Files</Filter>
    </ClInclude>
    <ClInclude Include="src\physics\physics_system.h">
      <Filter>Header Files</Filter>
    </ClInclude>
    <ClInclude Include="src\physics\rigidbody.h">
      <Filter>Header Files</Filter>
    </ClInclude>
    <ClInclude Include="src\physics\collider.h">
      <Filter>Header Files</Filter>
    </ClInclude>
    <ClInclude Include="src\physics\plane_collider.h">
      <Filter>Header Files</Filter>
    </ClInclude>
    <ClInclude Include="src\physics\sphere_collider.h">
      <Filter>Header Files</Filter>
    </ClInclude>
    <ClInclude Include="src\physics\collision_detection.h">
      <Filter>Header Files</Filter>
    </ClInclude>
    <ClInclude Include="src\physics\manifold.h">
      <Filter>Header Files</Filter>
    </ClInclude>
    <ClInclude Include="src\debug\gizmo.h">
      <Filter>Header Files</Filter>
    </ClInclude>
    <ClInclude Include="src\core\ray.h">
      <Filter>Header Files</Filter>
    </ClInclude>
    <ClInclude Include="src\fx\outlinefx.h">
      <Filter>Header Files</Filter>
    </ClInclude>
    <ClInclude Include="src\renderer\vulkan\vulkan_texture.h">
      <Filter>Header Files</Filter>
    </ClInclude>
    <ClInclude Include="src\renderer\vulkan\vulkan_includes.h">
      <Filter>Header Files</Filter>
    </ClInclude>
    <ClInclude Include="src\terrain\terrain.h">
      <Filter>Header Files</Filter>
    </ClInclude>
    <ClInclude Include="src\terrain\terrain_stream.h">
      <Filter>Header Files</Filter>
    </ClInclude>
    <ClInclude Include="src\terrain\perlin_noise.h">
      <Filter>Header Files</Filter>
    </ClInclude>
    <ClInclude Include="src\renderer\framebuffer.h">
      <Filter>Header Files</Filter>
    </ClInclude>
    <ClInclude Include="src\renderer\vulkan\vulkan_framebuffer.h">
      <Filter>Header Files</Filter>
    </ClInclude>
    <ClInclude Include="src\light\cascaded_shadow.h">
      <Filter>Header Files</Filter>
    </ClInclude>
    <ClInclude Include="src\light\light.h">
      <Filter>Header Files</Filter>
    </ClInclude>
    <ClInclude Include="src\light\directional_light.h">
      <Filter>Header Files</Filter>
    </ClInclude>
    <ClInclude Include="src\physics\physics.h">
      <Filter>Header Files</Filter>
    </ClInclude>
    <ClInclude Include="src\terrain_example.h">
      <Filter>Header Files</Filter>
    </ClInclude>
    <ClInclude Include="src\terrain\terrain_quadtree.h">
      <Filter>Header Files</Filter>
    </ClInclude>
    <ClInclude Include="src\terrain\terrain_chunkmanager.h">
      <Filter>Header Files</Filter>
    </ClInclude>
    <ClInclude Include="src\terrain\terrain_chunk.h">
      <Filter>Header Files</Filter>
    </ClInclude>
    <ClInclude Include="src\core\frustum.h">
      <Filter>Header Files</Filter>
    </ClInclude>
    <ClInclude Include="src\core\plane.h">
      <Filter>Header Files</Filter>
    </ClInclude>
    <ClInclude Include="external\imgui\imconfig.h">
      <Filter>ImGui</Filter>
    </ClInclude>
    <ClInclude Include="external\imgui\imgui.h">
      <Filter>ImGui</Filter>
    </ClInclude>
    <ClInclude Include="external\imgui\imgui_impl_glfw.h">
      <Filter>ImGui</Filter>
    </ClInclude>
    <ClInclude Include="external\imgui\imgui_impl_vulkan.h">
      <Filter>ImGui</Filter>
    </ClInclude>
    <ClInclude Include="external\imgui\imgui_internal.h">
      <Filter>ImGui</Filter>
    </ClInclude>
    <ClInclude Include="external\imgui\imstb_rectpack.h">
      <Filter>ImGui</Filter>
    </ClInclude>
    <ClInclude Include="external\imgui\imstb_textedit.h">
      <Filter>ImGui</Filter>
    </ClInclude>
    <ClInclude Include="external\imgui\imstb_truetype.h">
      <Filter>ImGui</Filter>
    </ClInclude>
    <ClInclude Include="src\water_example.h">
      <Filter>Header Files</Filter>
    </ClInclude>
    <ClInclude Include="src\water\water.h">
      <Filter>Header Files</Filter>
    </ClInclude>
    <ClInclude Include="src\renderer\texture.h">
      <Filter>Header Files</Filter>
    </ClInclude>
    <ClInclude Include="src\water\spectrum_texture.h">
      <Filter>Header Files</Filter>
    </ClInclude>
    <ClInclude Include="src\water\twiddle_factors.h">
      <Filter>Header Files</Filter>
    </ClInclude>
    <ClInclude Include="src\water\butterfly.h">
      <Filter>Header Files</Filter>
    </ClInclude>
    <ClInclude Include="src\water\inversion.h">
      <Filter>Header Files</Filter>
    </ClInclude>
    <ClInclude Include="src\water\water_renderer.h">
      <Filter>Header Files</Filter>
    </ClInclude>
    <ClInclude Include="src\water\normal_map_generator.h">
      <Filter>Header Files</Filter>
    </ClInclude>
    <ClInclude Include="src\atmosphere\atmosphere.h">
      <Filter>Header Files</Filter>
    </ClInclude>
    <ClInclude Include="src\atmosphere_example.h">
      <Filter>Header Files</Filter>
    </ClInclude>
  </ItemGroup>
  <ItemGroup>
    <CustomBuild Include="shaders\debug\edge_detection.frag">
      <Filter>Shaders</Filter>
    </CustomBuild>
    <CustomBuild Include="shaders\debug\image2D.frag">
      <Filter>Shaders</Filter>
    </CustomBuild>
    <CustomBuild Include="shaders\debug\image2D.vert">
      <Filter>Shaders</Filter>
    </CustomBuild>
    <CustomBuild Include="shaders\debug\line.frag">
      <Filter>Shaders</Filter>
    </CustomBuild>
    <CustomBuild Include="shaders\debug\line.vert">
      <Filter>Shaders</Filter>
    </CustomBuild>
    <CustomBuild Include="shaders\main.frag">
      <Filter>Shaders</Filter>
    </CustomBuild>
    <CustomBuild Include="shaders\main.vert">
      <Filter>Shaders</Filter>
    </CustomBuild>
    <CustomBuild Include="shaders\debug\outline.frag">
      <Filter>Shaders</Filter>
    </CustomBuild>
    <CustomBuild Include="shaders\debug\outline.vert">
      <Filter>Shaders</Filter>
    </CustomBuild>
    <CustomBuild Include="shaders\shadow\shadow.frag">
      <Filter>Shaders</Filter>
    </CustomBuild>
    <CustomBuild Include="shaders\shadow\shadow.vert">
      <Filter>Shaders</Filter>
    </CustomBuild>
    <CustomBuild Include="shaders\terrain\terrain.frag">
      <Filter>Shaders</Filter>
    </CustomBuild>
    <CustomBuild Include="shaders\terrain\terrain.vert">
      <Filter>Shaders</Filter>
    </CustomBuild>
    <CustomBuild Include="shaders\water\philipSpectrum.comp" />
    <CustomBuild Include="shaders\water\twiddleFactors.comp" />
    <CustomBuild Include="shaders\water\hdt.comp" />
    <CustomBuild Include="shaders\water\butterflyOperation.comp" />
    <CustomBuild Include="shaders\water\inversion.comp" />
    <CustomBuild Include="shaders\water\water.frag" />
    <CustomBuild Include="shaders\water\water.vert" />
    <CustomBuild Include="shaders\debug\edge_detection.vert" />
    <CustomBuild Include="shaders\water\normalmap.comp" />
    <CustomBuild Include="shaders\water\water_offscreen.frag" />
    <CustomBuild Include="shaders\water\water_offscreen.vert" />
    <CustomBuild Include="shaders\water\water_offscreen_terrain.frag" />
    <CustomBuild Include="shaders\water\water_offscreen_terrain.vert" />
    <CustomBuild Include="shaders\water\water_nodisp.vert">
      <Filter>Header Files</Filter>
    </CustomBuild>
    <CustomBuild Include="shaders\water\water_nodisp.frag" />
    <CustomBuild Include="shaders\atmosphere\precompute_transmittance.comp" />
    <CustomBuild Include="shaders\atmosphere\atmosphere.frag" />
    <CustomBuild Include="shaders\atmosphere\atmosphere.vert" />
    <CustomBuild Include="shaders\atmosphere\atmosphere_baked.frag" />
  </ItemGroup>
  <ItemGroup>
    <None Include="cpp.hint" />
  </ItemGroup>
</Project>